// !$*UTF8*$!
{
	archiveVersion = 1;
	classes = {
	};
	objectVersion = 50;
	objects = {

/* Begin PBXBuildFile section */
		00BC9F6024AA4C9F00BDC36E /* AppDelegate.swift in Sources */ = {isa = PBXBuildFile; fileRef = 00BC9F5F24AA4C9F00BDC36E /* AppDelegate.swift */; };
		00BC9F6224AA4C9F00BDC36E /* SceneDelegate.swift in Sources */ = {isa = PBXBuildFile; fileRef = 00BC9F6124AA4C9F00BDC36E /* SceneDelegate.swift */; };
		00BC9F6424AA4C9F00BDC36E /* ViewController.swift in Sources */ = {isa = PBXBuildFile; fileRef = 00BC9F6324AA4C9F00BDC36E /* ViewController.swift */; };
		00BC9F6724AA4C9F00BDC36E /* Main.storyboard in Resources */ = {isa = PBXBuildFile; fileRef = 00BC9F6524AA4C9F00BDC36E /* Main.storyboard */; };
		00BC9F6924AA4C9F00BDC36E /* Assets.xcassets in Resources */ = {isa = PBXBuildFile; fileRef = 00BC9F6824AA4C9F00BDC36E /* Assets.xcassets */; };
		00BC9F6C24AA4C9F00BDC36E /* LaunchScreen.storyboard in Resources */ = {isa = PBXBuildFile; fileRef = 00BC9F6A24AA4C9F00BDC36E /* LaunchScreen.storyboard */; };
		00BC9F7524AA4CC800BDC36E /* TaskData.xcdatamodeld in Sources */ = {isa = PBXBuildFile; fileRef = 00BC9F7324AA4CC800BDC36E /* TaskData.xcdatamodeld */; };
		00BC9F7724AA4DF200BDC36E /* TaskListViewController.swift in Sources */ = {isa = PBXBuildFile; fileRef = 00BC9F7624AA4DF200BDC36E /* TaskListViewController.swift */; };
		00BC9F7924AA4E1800BDC36E /* TaskHandlingViewController.swift in Sources */ = {isa = PBXBuildFile; fileRef = 00BC9F7824AA4E1800BDC36E /* TaskHandlingViewController.swift */; };
		00BC9F7B24AA4E4400BDC36E /* FolderChangeViewController.swift in Sources */ = {isa = PBXBuildFile; fileRef = 00BC9F7A24AA4E4400BDC36E /* FolderChangeViewController.swift */; };
		00BC9F7D24AA4E5F00BDC36E /* singleTask.swift in Sources */ = {isa = PBXBuildFile; fileRef = 00BC9F7C24AA4E5F00BDC36E /* singleTask.swift */; };
		00BC9F8824AA722C00BDC36E /* Extension+TableView.swift in Sources */ = {isa = PBXBuildFile; fileRef = 00BC9F8724AA722C00BDC36E /* Extension+TableView.swift */; };
/* End PBXBuildFile section */

/* Begin PBXFileReference section */
		00BC9F5C24AA4C9F00BDC36E /* todo_Abhishek_C0769778.app */ = {isa = PBXFileReference; explicitFileType = wrapper.application; includeInIndex = 0; path = todo_Abhishek_C0769778.app; sourceTree = BUILT_PRODUCTS_DIR; };
		00BC9F5F24AA4C9F00BDC36E /* AppDelegate.swift */ = {isa = PBXFileReference; lastKnownFileType = sourcecode.swift; path = AppDelegate.swift; sourceTree = "<group>"; };
		00BC9F6124AA4C9F00BDC36E /* SceneDelegate.swift */ = {isa = PBXFileReference; lastKnownFileType = sourcecode.swift; path = SceneDelegate.swift; sourceTree = "<group>"; };
		00BC9F6324AA4C9F00BDC36E /* ViewController.swift */ = {isa = PBXFileReference; lastKnownFileType = sourcecode.swift; path = ViewController.swift; sourceTree = "<group>"; };
		00BC9F6624AA4C9F00BDC36E /* Base */ = {isa = PBXFileReference; lastKnownFileType = file.storyboard; name = Base; path = Base.lproj/Main.storyboard; sourceTree = "<group>"; };
		00BC9F6824AA4C9F00BDC36E /* Assets.xcassets */ = {isa = PBXFileReference; lastKnownFileType = folder.assetcatalog; path = Assets.xcassets; sourceTree = "<group>"; };
		00BC9F6B24AA4C9F00BDC36E /* Base */ = {isa = PBXFileReference; lastKnownFileType = file.storyboard; name = Base; path = Base.lproj/LaunchScreen.storyboard; sourceTree = "<group>"; };
		00BC9F6D24AA4C9F00BDC36E /* Info.plist */ = {isa = PBXFileReference; lastKnownFileType = text.plist.xml; path = Info.plist; sourceTree = "<group>"; };
		00BC9F7424AA4CC800BDC36E /* TaskData.xcdatamodel */ = {isa = PBXFileReference; lastKnownFileType = wrapper.xcdatamodel; path = TaskData.xcdatamodel; sourceTree = "<group>"; };
		00BC9F7624AA4DF200BDC36E /* TaskListViewController.swift */ = {isa = PBXFileReference; lastKnownFileType = sourcecode.swift; path = TaskListViewController.swift; sourceTree = "<group>"; };
		00BC9F7824AA4E1800BDC36E /* TaskHandlingViewController.swift */ = {isa = PBXFileReference; lastKnownFileType = sourcecode.swift; path = TaskHandlingViewController.swift; sourceTree = "<group>"; };
		00BC9F7A24AA4E4400BDC36E /* FolderChangeViewController.swift */ = {isa = PBXFileReference; lastKnownFileType = sourcecode.swift; path = FolderChangeViewController.swift; sourceTree = "<group>"; };
		00BC9F7C24AA4E5F00BDC36E /* singleTask.swift */ = {isa = PBXFileReference; lastKnownFileType = sourcecode.swift; path = singleTask.swift; sourceTree = "<group>"; };
		00BC9F8724AA722C00BDC36E /* Extension+TableView.swift */ = {isa = PBXFileReference; lastKnownFileType = sourcecode.swift; path = "Extension+TableView.swift"; sourceTree = "<group>"; };
/* End PBXFileReference section */

/* Begin PBXFrameworksBuildPhase section */
		00BC9F5924AA4C9F00BDC36E /* Frameworks */ = {
			isa = PBXFrameworksBuildPhase;
			buildActionMask = 2147483647;
			files = (
			);
			runOnlyForDeploymentPostprocessing = 0;
		};
/* End PBXFrameworksBuildPhase section */

/* Begin PBXGroup section */
		00BC9F5324AA4C9F00BDC36E = {
			isa = PBXGroup;
			children = (
				00BC9F5E24AA4C9F00BDC36E /* todo_Abhishek_C0769778 */,
				00BC9F5D24AA4C9F00BDC36E /* Products */,
			);
			sourceTree = "<group>";
		};
		00BC9F5D24AA4C9F00BDC36E /* Products */ = {
			isa = PBXGroup;
			children = (
				00BC9F5C24AA4C9F00BDC36E /* todo_Abhishek_C0769778.app */,
			);
			name = Products;
			sourceTree = "<group>";
		};
		00BC9F5E24AA4C9F00BDC36E /* todo_Abhishek_C0769778 */ = {
			isa = PBXGroup;
			children = (
				00BC9F8624AA721A00BDC36E /* Extension */,
				00BC9F8424AA6CDB00BDC36E /* Model */,
				00BC9F8324AA6CC900BDC36E /* UI */,
				00BC9F8224AA6CBB00BDC36E /* DataModel */,
				00BC9F8124AA6CA300BDC36E /* Controllers */,
				00BC9F5F24AA4C9F00BDC36E /* AppDelegate.swift */,
				00BC9F6124AA4C9F00BDC36E /* SceneDelegate.swift */,
				00BC9F6824AA4C9F00BDC36E /* Assets.xcassets */,
				00BC9F6D24AA4C9F00BDC36E /* Info.plist */,
			);
			path = todo_Abhishek_C0769778;
			sourceTree = "<group>";
		};
		00BC9F8124AA6CA300BDC36E /* Controllers */ = {
			isa = PBXGroup;
			children = (
				00BC9F7624AA4DF200BDC36E /* TaskListViewController.swift */,
				00BC9F7A24AA4E4400BDC36E /* FolderChangeViewController.swift */,
				00BC9F7824AA4E1800BDC36E /* TaskHandlingViewController.swift */,
				00BC9F6324AA4C9F00BDC36E /* ViewController.swift */,
			);
			path = Controllers;
			sourceTree = "<group>";
		};
		00BC9F8224AA6CBB00BDC36E /* DataModel */ = {
			isa = PBXGroup;
			children = (
				00BC9F7324AA4CC800BDC36E /* TaskData.xcdatamodeld */,
			);
			path = DataModel;
			sourceTree = "<group>";
		};
		00BC9F8324AA6CC900BDC36E /* UI */ = {
			isa = PBXGroup;
			children = (
				00BC9F6524AA4C9F00BDC36E /* Main.storyboard */,
				00BC9F6A24AA4C9F00BDC36E /* LaunchScreen.storyboard */,
			);
			path = UI;
			sourceTree = "<group>";
		};
		00BC9F8424AA6CDB00BDC36E /* Model */ = {
			isa = PBXGroup;
			children = (
				00BC9F7C24AA4E5F00BDC36E /* singleTask.swift */,
			);
			path = Model;
			sourceTree = "<group>";
		};
		00BC9F8624AA721A00BDC36E /* Extension */ = {
			isa = PBXGroup;
			children = (
				00BC9F8724AA722C00BDC36E /* Extension+TableView.swift */,
			);
			path = Extension;
			sourceTree = "<group>";
		};
/* End PBXGroup section */

/* Begin PBXNativeTarget section */
		00BC9F5B24AA4C9F00BDC36E /* todo_Abhishek_C0769778 */ = {
			isa = PBXNativeTarget;
			buildConfigurationList = 00BC9F7024AA4C9F00BDC36E /* Build configuration list for PBXNativeTarget "todo_Abhishek_C0769778" */;
			buildPhases = (
				00BC9F5824AA4C9F00BDC36E /* Sources */,
				00BC9F5924AA4C9F00BDC36E /* Frameworks */,
				00BC9F5A24AA4C9F00BDC36E /* Resources */,
			);
			buildRules = (
			);
			dependencies = (
			);
			name = todo_Abhishek_C0769778;
			productName = todo_Abhishek_C0769778;
			productReference = 00BC9F5C24AA4C9F00BDC36E /* todo_Abhishek_C0769778.app */;
			productType = "com.apple.product-type.application";
		};
/* End PBXNativeTarget section */

/* Begin PBXProject section */
		00BC9F5424AA4C9F00BDC36E /* Project object */ = {
			isa = PBXProject;
			attributes = {
				LastSwiftUpdateCheck = 1120;
				LastUpgradeCheck = 1120;
				ORGANIZATIONNAME = Quasars;
				TargetAttributes = {
					00BC9F5B24AA4C9F00BDC36E = {
						CreatedOnToolsVersion = 11.2;
					};
				};
			};
			buildConfigurationList = 00BC9F5724AA4C9F00BDC36E /* Build configuration list for PBXProject "todo_Abhishek_C0769778" */;
			compatibilityVersion = "Xcode 9.3";
			developmentRegion = en;
			hasScannedForEncodings = 0;
			knownRegions = (
				en,
				Base,
			);
			mainGroup = 00BC9F5324AA4C9F00BDC36E;
			productRefGroup = 00BC9F5D24AA4C9F00BDC36E /* Products */;
			projectDirPath = "";
			projectRoot = "";
			targets = (
				00BC9F5B24AA4C9F00BDC36E /* todo_Abhishek_C0769778 */,
			);
		};
/* End PBXProject section */

/* Begin PBXResourcesBuildPhase section */
		00BC9F5A24AA4C9F00BDC36E /* Resources */ = {
			isa = PBXResourcesBuildPhase;
			buildActionMask = 2147483647;
			files = (
				00BC9F6C24AA4C9F00BDC36E /* LaunchScreen.storyboard in Resources */,
				00BC9F6924AA4C9F00BDC36E /* Assets.xcassets in Resources */,
				00BC9F6724AA4C9F00BDC36E /* Main.storyboard in Resources */,
			);
			runOnlyForDeploymentPostprocessing = 0;
		};
/* End PBXResourcesBuildPhase section */

/* Begin PBXSourcesBuildPhase section */
		00BC9F5824AA4C9F00BDC36E /* Sources */ = {
			isa = PBXSourcesBuildPhase;
			buildActionMask = 2147483647;
			files = (
				00BC9F8824AA722C00BDC36E /* Extension+TableView.swift in Sources */,
				00BC9F6424AA4C9F00BDC36E /* ViewController.swift in Sources */,
				00BC9F6024AA4C9F00BDC36E /* AppDelegate.swift in Sources */,
				00BC9F7B24AA4E4400BDC36E /* FolderChangeViewController.swift in Sources */,
				00BC9F7524AA4CC800BDC36E /* TaskData.xcdatamodeld in Sources */,
				00BC9F6224AA4C9F00BDC36E /* SceneDelegate.swift in Sources */,
				00BC9F7924AA4E1800BDC36E /* TaskHandlingViewController.swift in Sources */,
				00BC9F7D24AA4E5F00BDC36E /* singleTask.swift in Sources */,
				00BC9F7724AA4DF200BDC36E /* TaskListViewController.swift in Sources */,
			);
			runOnlyForDeploymentPostprocessing = 0;
		};
/* End PBXSourcesBuildPhase section */

/* Begin PBXVariantGroup section */
		00BC9F6524AA4C9F00BDC36E /* Main.storyboard */ = {
			isa = PBXVariantGroup;
			children = (
				00BC9F6624AA4C9F00BDC36E /* Base */,
			);
			name = Main.storyboard;
			sourceTree = "<group>";
		};
		00BC9F6A24AA4C9F00BDC36E /* LaunchScreen.storyboard */ = {
			isa = PBXVariantGroup;
			children = (
				00BC9F6B24AA4C9F00BDC36E /* Base */,
			);
			name = LaunchScreen.storyboard;
			sourceTree = "<group>";
		};
/* End PBXVariantGroup section */

/* Begin XCBuildConfiguration section */
		00BC9F6E24AA4C9F00BDC36E /* Debug */ = {
			isa = XCBuildConfiguration;
			buildSettings = {
				ALWAYS_SEARCH_USER_PATHS = NO;
				CLANG_ANALYZER_NONNULL = YES;
				CLANG_ANALYZER_NUMBER_OBJECT_CONVERSION = YES_AGGRESSIVE;
				CLANG_CXX_LANGUAGE_STANDARD = "gnu++14";
				CLANG_CXX_LIBRARY = "libc++";
				CLANG_ENABLE_MODULES = YES;
				CLANG_ENABLE_OBJC_ARC = YES;
				CLANG_ENABLE_OBJC_WEAK = YES;
				CLANG_WARN_BLOCK_CAPTURE_AUTORELEASING = YES;
				CLANG_WARN_BOOL_CONVERSION = YES;
				CLANG_WARN_COMMA = YES;
				CLANG_WARN_CONSTANT_CONVERSION = YES;
				CLANG_WARN_DEPRECATED_OBJC_IMPLEMENTATIONS = YES;
				CLANG_WARN_DIRECT_OBJC_ISA_USAGE = YES_ERROR;
				CLANG_WARN_DOCUMENTATION_COMMENTS = YES;
				CLANG_WARN_EMPTY_BODY = YES;
				CLANG_WARN_ENUM_CONVERSION = YES;
				CLANG_WARN_INFINITE_RECURSION = YES;
				CLANG_WARN_INT_CONVERSION = YES;
				CLANG_WARN_NON_LITERAL_NULL_CONVERSION = YES;
				CLANG_WARN_OBJC_IMPLICIT_RETAIN_SELF = YES;
				CLANG_WARN_OBJC_LITERAL_CONVERSION = YES;
				CLANG_WARN_OBJC_ROOT_CLASS = YES_ERROR;
				CLANG_WARN_RANGE_LOOP_ANALYSIS = YES;
				CLANG_WARN_STRICT_PROTOTYPES = YES;
				CLANG_WARN_SUSPICIOUS_MOVE = YES;
				CLANG_WARN_UNGUARDED_AVAILABILITY = YES_AGGRESSIVE;
				CLANG_WARN_UNREACHABLE_CODE = YES;
				CLANG_WARN__DUPLICATE_METHOD_MATCH = YES;
				COPY_PHASE_STRIP = NO;
				DEBUG_INFORMATION_FORMAT = dwarf;
				ENABLE_STRICT_OBJC_MSGSEND = YES;
				ENABLE_TESTABILITY = YES;
				GCC_C_LANGUAGE_STANDARD = gnu11;
				GCC_DYNAMIC_NO_PIC = NO;
				GCC_NO_COMMON_BLOCKS = YES;
				GCC_OPTIMIZATION_LEVEL = 0;
				GCC_PREPROCESSOR_DEFINITIONS = (
					"DEBUG=1",
					"$(inherited)",
				);
				GCC_WARN_64_TO_32_BIT_CONVERSION = YES;
				GCC_WARN_ABOUT_RETURN_TYPE = YES_ERROR;
				GCC_WARN_UNDECLARED_SELECTOR = YES;
				GCC_WARN_UNINITIALIZED_AUTOS = YES_AGGRESSIVE;
				GCC_WARN_UNUSED_FUNCTION = YES;
				GCC_WARN_UNUSED_VARIABLE = YES;
				IPHONEOS_DEPLOYMENT_TARGET = 13.2;
				MTL_ENABLE_DEBUG_INFO = INCLUDE_SOURCE;
				MTL_FAST_MATH = YES;
				ONLY_ACTIVE_ARCH = YES;
				SDKROOT = iphoneos;
				SWIFT_ACTIVE_COMPILATION_CONDITIONS = DEBUG;
				SWIFT_OPTIMIZATION_LEVEL = "-Onone";
			};
			name = Debug;
		};
		00BC9F6F24AA4C9F00BDC36E /* Release */ = {
			isa = XCBuildConfiguration;
			buildSettings = {
				ALWAYS_SEARCH_USER_PATHS = NO;
				CLANG_ANALYZER_NONNULL = YES;
				CLANG_ANALYZER_NUMBER_OBJECT_CONVERSION = YES_AGGRESSIVE;
				CLANG_CXX_LANGUAGE_STANDARD = "gnu++14";
				CLANG_CXX_LIBRARY = "libc++";
				CLANG_ENABLE_MODULES = YES;
				CLANG_ENABLE_OBJC_ARC = YES;
				CLANG_ENABLE_OBJC_WEAK = YES;
				CLANG_WARN_BLOCK_CAPTURE_AUTORELEASING = YES;
				CLANG_WARN_BOOL_CONVERSION = YES;
				CLANG_WARN_COMMA = YES;
				CLANG_WARN_CONSTANT_CONVERSION = YES;
				CLANG_WARN_DEPRECATED_OBJC_IMPLEMENTATIONS = YES;
				CLANG_WARN_DIRECT_OBJC_ISA_USAGE = YES_ERROR;
				CLANG_WARN_DOCUMENTATION_COMMENTS = YES;
				CLANG_WARN_EMPTY_BODY = YES;
				CLANG_WARN_ENUM_CONVERSION = YES;
				CLANG_WARN_INFINITE_RECURSION = YES;
				CLANG_WARN_INT_CONVERSION = YES;
				CLANG_WARN_NON_LITERAL_NULL_CONVERSION = YES;
				CLANG_WARN_OBJC_IMPLICIT_RETAIN_SELF = YES;
				CLANG_WARN_OBJC_LITERAL_CONVERSION = YES;
				CLANG_WARN_OBJC_ROOT_CLASS = YES_ERROR;
				CLANG_WARN_RANGE_LOOP_ANALYSIS = YES;
				CLANG_WARN_STRICT_PROTOTYPES = YES;
				CLANG_WARN_SUSPICIOUS_MOVE = YES;
				CLANG_WARN_UNGUARDED_AVAILABILITY = YES_AGGRESSIVE;
				CLANG_WARN_UNREACHABLE_CODE = YES;
				CLANG_WARN__DUPLICATE_METHOD_MATCH = YES;
				COPY_PHASE_STRIP = NO;
				DEBUG_INFORMATION_FORMAT = "dwarf-with-dsym";
				ENABLE_NS_ASSERTIONS = NO;
				ENABLE_STRICT_OBJC_MSGSEND = YES;
				GCC_C_LANGUAGE_STANDARD = gnu11;
				GCC_NO_COMMON_BLOCKS = YES;
				GCC_WARN_64_TO_32_BIT_CONVERSION = YES;
				GCC_WARN_ABOUT_RETURN_TYPE = YES_ERROR;
				GCC_WARN_UNDECLARED_SELECTOR = YES;
				GCC_WARN_UNINITIALIZED_AUTOS = YES_AGGRESSIVE;
				GCC_WARN_UNUSED_FUNCTION = YES;
				GCC_WARN_UNUSED_VARIABLE = YES;
				IPHONEOS_DEPLOYMENT_TARGET = 13.2;
				MTL_ENABLE_DEBUG_INFO = NO;
				MTL_FAST_MATH = YES;
				SDKROOT = iphoneos;
				SWIFT_COMPILATION_MODE = wholemodule;
				SWIFT_OPTIMIZATION_LEVEL = "-O";
				VALIDATE_PRODUCT = YES;
			};
			name = Release;
		};
		00BC9F7124AA4C9F00BDC36E /* Debug */ = {
			isa = XCBuildConfiguration;
			buildSettings = {
				ASSETCATALOG_COMPILER_APPICON_NAME = AppIcon;
				CODE_SIGN_STYLE = Automatic;
				INFOPLIST_FILE = todo_Abhishek_C0769778/Info.plist;
				LD_RUNPATH_SEARCH_PATHS = (
					"$(inherited)",
					"@executable_path/Frameworks",
				);
				PRODUCT_BUNDLE_IDENTIFIER = "com.lambton.todo-Abhishek-C0769778";
				PRODUCT_NAME = "$(TARGET_NAME)";
				SWIFT_VERSION = 5.0;
				TARGETED_DEVICE_FAMILY = "1,2";
			};
			name = Debug;
		};
		00BC9F7224AA4C9F00BDC36E /* Release */ = {
			isa = XCBuildConfiguration;
			buildSettings = {
				ASSETCATALOG_COMPILER_APPICON_NAME = AppIcon;
				CODE_SIGN_STYLE = Automatic;
				INFOPLIST_FILE = todo_Abhishek_C0769778/Info.plist;
				LD_RUNPATH_SEARCH_PATHS = (
					"$(inherited)",
					"@executable_path/Frameworks",
				);
				PRODUCT_BUNDLE_IDENTIFIER = "com.lambton.todo-Abhishek-C0769778";
				PRODUCT_NAME = "$(TARGET_NAME)";
				SWIFT_VERSION = 5.0;
				TARGETED_DEVICE_FAMILY = "1,2";
			};
			name = Release;
		};
/* End XCBuildConfiguration section */

/* Begin XCConfigurationList section */
		00BC9F5724AA4C9F00BDC36E /* Build configuration list for PBXProject "todo_Abhishek_C0769778" */ = {
			isa = XCConfigurationList;
			buildConfigurations = (
				00BC9F6E24AA4C9F00BDC36E /* Debug */,
				00BC9F6F24AA4C9F00BDC36E /* Release */,
			);
			defaultConfigurationIsVisible = 0;
			defaultConfigurationName = Release;
		};
		00BC9F7024AA4C9F00BDC36E /* Build configuration list for PBXNativeTarget "todo_Abhishek_C0769778" */ = {
			isa = XCConfigurationList;
			buildConfigurations = (
				00BC9F7124AA4C9F00BDC36E /* Debug */,
				00BC9F7224AA4C9F00BDC36E /* Release */,
			);
			defaultConfigurationIsVisible = 0;
			defaultConfigurationName = Release;
		};
/* End XCConfigurationList section */

/* Begin XCVersionGroup section */
		00BC9F7324AA4CC800BDC36E /* TaskData.xcdatamodeld */ = {
			isa = XCVersionGroup;
			children = (
				00BC9F7424AA4CC800BDC36E /* TaskData.xcdatamodel */,
			);
			currentVersion = 00BC9F7424AA4CC800BDC36E /* TaskData.xcdatamodel */;
			path = TaskData.xcdatamodeld;
			sourceTree = "<group>";
			versionGroupType = wrapper.xcdatamodel;
		};
/* End XCVersionGroup section */
	};
	rootObject = 00BC9F5424AA4C9F00BDC36E /* Project object */;
}
